// !$*UTF8*$!
{
	archiveVersion = 1;
	classes = {
	};
	objectVersion = 46;
	objects = {

/* Begin PBXBuildFile section */
		2B3F7FC01C1F3D90008D7B43 /* settingsViewController.swift in Sources */ = {isa = PBXBuildFile; fileRef = 2B3F7FBF1C1F3D90008D7B43 /* settingsViewController.swift */; };
		2B7877CE1C13991000E4E54B /* AppDelegate.swift in Sources */ = {isa = PBXBuildFile; fileRef = 2B7877CD1C13991000E4E54B /* AppDelegate.swift */; };
		2B7877D01C13991000E4E54B /* ViewController.swift in Sources */ = {isa = PBXBuildFile; fileRef = 2B7877CF1C13991000E4E54B /* ViewController.swift */; };
		2B7877D31C13991000E4E54B /* Main.storyboard in Resources */ = {isa = PBXBuildFile; fileRef = 2B7877D11C13991000E4E54B /* Main.storyboard */; };
		2B7877D51C13991000E4E54B /* Assets.xcassets in Resources */ = {isa = PBXBuildFile; fileRef = 2B7877D41C13991000E4E54B /* Assets.xcassets */; };
		2B7877D81C13991000E4E54B /* LaunchScreen.storyboard in Resources */ = {isa = PBXBuildFile; fileRef = 2B7877D61C13991000E4E54B /* LaunchScreen.storyboard */; };
		2B7877E31C13991000E4E54B /* TipperTests.swift in Sources */ = {isa = PBXBuildFile; fileRef = 2B7877E21C13991000E4E54B /* TipperTests.swift */; };
		2B7877EE1C13991000E4E54B /* TipperUITests.swift in Sources */ = {isa = PBXBuildFile; fileRef = 2B7877ED1C13991000E4E54B /* TipperUITests.swift */; };
/* End PBXBuildFile section */

/* Begin PBXContainerItemProxy section */
		2B7877DF1C13991000E4E54B /* PBXContainerItemProxy */ = {
			isa = PBXContainerItemProxy;
			containerPortal = 2B7877C21C13991000E4E54B /* Project object */;
			proxyType = 1;
			remoteGlobalIDString = 2B7877C91C13991000E4E54B;
			remoteInfo = Tipper;
		};
		2B7877EA1C13991000E4E54B /* PBXContainerItemProxy */ = {
			isa = PBXContainerItemProxy;
			containerPortal = 2B7877C21C13991000E4E54B /* Project object */;
			proxyType = 1;
			remoteGlobalIDString = 2B7877C91C13991000E4E54B;
			remoteInfo = Tipper;
		};
/* End PBXContainerItemProxy section */

/* Begin PBXFileReference section */
		2B3F7FBF1C1F3D90008D7B43 /* settingsViewController.swift */ = {isa = PBXFileReference; fileEncoding = 4; lastKnownFileType = sourcecode.swift; name = settingsViewController.swift; path = ../settingsViewController.swift; sourceTree = "<group>"; };
		2B7877CA1C13991000E4E54B /* Tipper.app */ = {isa = PBXFileReference; explicitFileType = wrapper.application; includeInIndex = 0; path = Tipper.app; sourceTree = BUILT_PRODUCTS_DIR; };
		2B7877CD1C13991000E4E54B /* AppDelegate.swift */ = {isa = PBXFileReference; lastKnownFileType = sourcecode.swift; path = AppDelegate.swift; sourceTree = "<group>"; };
		2B7877CF1C13991000E4E54B /* ViewController.swift */ = {isa = PBXFileReference; lastKnownFileType = sourcecode.swift; path = ViewController.swift; sourceTree = "<group>"; };
		2B7877D21C13991000E4E54B /* Base */ = {isa = PBXFileReference; lastKnownFileType = file.storyboard; name = Base; path = Base.lproj/Main.storyboard; sourceTree = "<group>"; };
		2B7877D41C13991000E4E54B /* Assets.xcassets */ = {isa = PBXFileReference; lastKnownFileType = folder.assetcatalog; path = Assets.xcassets; sourceTree = "<group>"; };
		2B7877D71C13991000E4E54B /* Base */ = {isa = PBXFileReference; lastKnownFileType = file.storyboard; name = Base; path = Base.lproj/LaunchScreen.storyboard; sourceTree = "<group>"; };
		2B7877D91C13991000E4E54B /* Info.plist */ = {isa = PBXFileReference; lastKnownFileType = text.plist.xml; path = Info.plist; sourceTree = "<group>"; };
		2B7877DE1C13991000E4E54B /* TipperTests.xctest */ = {isa = PBXFileReference; explicitFileType = wrapper.cfbundle; includeInIndex = 0; path = TipperTests.xctest; sourceTree = BUILT_PRODUCTS_DIR; };
		2B7877E21C13991000E4E54B /* TipperTests.swift */ = {isa = PBXFileReference; lastKnownFileType = sourcecode.swift; path = TipperTests.swift; sourceTree = "<group>"; };
		2B7877E41C13991000E4E54B /* Info.plist */ = {isa = PBXFileReference; lastKnownFileType = text.plist.xml; path = Info.plist; sourceTree = "<group>"; };
		2B7877E91C13991000E4E54B /* TipperUITests.xctest */ = {isa = PBXFileReference; explicitFileType = wrapper.cfbundle; includeInIndex = 0; path = TipperUITests.xctest; sourceTree = BUILT_PRODUCTS_DIR; };
		2B7877ED1C13991000E4E54B /* TipperUITests.swift */ = {isa = PBXFileReference; lastKnownFileType = sourcecode.swift; path = TipperUITests.swift; sourceTree = "<group>"; };
		2B7877EF1C13991000E4E54B /* Info.plist */ = {isa = PBXFileReference; lastKnownFileType = text.plist.xml; path = Info.plist; sourceTree = "<group>"; };
/* End PBXFileReference section */

/* Begin PBXFrameworksBuildPhase section */
		2B7877C71C13991000E4E54B /* Frameworks */ = {
			isa = PBXFrameworksBuildPhase;
			buildActionMask = 2147483647;
			files = (
			);
			runOnlyForDeploymentPostprocessing = 0;
		};
		2B7877DB1C13991000E4E54B /* Frameworks */ = {
			isa = PBXFrameworksBuildPhase;
			buildActionMask = 2147483647;
			files = (
			);
			runOnlyForDeploymentPostprocessing = 0;
		};
		2B7877E61C13991000E4E54B /* Frameworks */ = {
			isa = PBXFrameworksBuildPhase;
			buildActionMask = 2147483647;
			files = (
			);
			runOnlyForDeploymentPostprocessing = 0;
		};
/* End PBXFrameworksBuildPhase section */

/* Begin PBXGroup section */
		2B7877C11C13991000E4E54B = {
			isa = PBXGroup;
			children = (
				2B7877CC1C13991000E4E54B /* Tipper */,
				2B7877E11C13991000E4E54B /* TipperTests */,
				2B7877EC1C13991000E4E54B /* TipperUITests */,
				2B7877CB1C13991000E4E54B /* Products */,
			);
			sourceTree = "<group>";
		};
		2B7877CB1C13991000E4E54B /* Products */ = {
			isa = PBXGroup;
			children = (
				2B7877CA1C13991000E4E54B /* Tipper.app */,
				2B7877DE1C13991000E4E54B /* TipperTests.xctest */,
				2B7877E91C13991000E4E54B /* TipperUITests.xctest */,
			);
			name = Products;
			sourceTree = "<group>";
		};
		2B7877CC1C13991000E4E54B /* Tipper */ = {
			isa = PBXGroup;
			children = (
				2B7877CD1C13991000E4E54B /* AppDelegate.swift */,
				2B7877CF1C13991000E4E54B /* ViewController.swift */,
				2B7877D11C13991000E4E54B /* Main.storyboard */,
				2B3F7FBF1C1F3D90008D7B43 /* settingsViewController.swift */,
				2B7877D41C13991000E4E54B /* Assets.xcassets */,
				2B7877D61C13991000E4E54B /* LaunchScreen.storyboard */,
				2B7877D91C13991000E4E54B /* Info.plist */,
			);
			path = Tipper;
			sourceTree = "<group>";
		};
		2B7877E11C13991000E4E54B /* TipperTests */ = {
			isa = PBXGroup;
			children = (
				2B7877E21C13991000E4E54B /* TipperTests.swift */,
				2B7877E41C13991000E4E54B /* Info.plist */,
			);
			path = TipperTests;
			sourceTree = "<group>";
		};
		2B7877EC1C13991000E4E54B /* TipperUITests */ = {
			isa = PBXGroup;
			children = (
				2B7877ED1C13991000E4E54B /* TipperUITests.swift */,
				2B7877EF1C13991000E4E54B /* Info.plist */,
			);
			path = TipperUITests;
			sourceTree = "<group>";
		};
/* End PBXGroup section */

/* Begin PBXNativeTarget section */
		2B7877C91C13991000E4E54B /* Tipper */ = {
			isa = PBXNativeTarget;
			buildConfigurationList = 2B7877F21C13991000E4E54B /* Build configuration list for PBXNativeTarget "Tipper" */;
			buildPhases = (
				2B7877C61C13991000E4E54B /* Sources */,
				2B7877C71C13991000E4E54B /* Frameworks */,
				2B7877C81C13991000E4E54B /* Resources */,
			);
			buildRules = (
			);
			dependencies = (
			);
			name = Tipper;
			productName = Tipper;
			productReference = 2B7877CA1C13991000E4E54B /* Tipper.app */;
			productType = "com.apple.product-type.application";
		};
		2B7877DD1C13991000E4E54B /* TipperTests */ = {
			isa = PBXNativeTarget;
			buildConfigurationList = 2B7877F51C13991000E4E54B /* Build configuration list for PBXNativeTarget "TipperTests" */;
			buildPhases = (
				2B7877DA1C13991000E4E54B /* Sources */,
				2B7877DB1C13991000E4E54B /* Frameworks */,
				2B7877DC1C13991000E4E54B /* Resources */,
			);
			buildRules = (
			);
			dependencies = (
				2B7877E01C13991000E4E54B /* PBXTargetDependency */,
			);
			name = TipperTests;
			productName = TipperTests;
			productReference = 2B7877DE1C13991000E4E54B /* TipperTests.xctest */;
			productType = "com.apple.product-type.bundle.unit-test";
		};
		2B7877E81C13991000E4E54B /* TipperUITests */ = {
			isa = PBXNativeTarget;
			buildConfigurationList = 2B7877F81C13991000E4E54B /* Build configuration list for PBXNativeTarget "TipperUITests" */;
			buildPhases = (
				2B7877E51C13991000E4E54B /* Sources */,
				2B7877E61C13991000E4E54B /* Frameworks */,
				2B7877E71C13991000E4E54B /* Resources */,
			);
			buildRules = (
			);
			dependencies = (
				2B7877EB1C13991000E4E54B /* PBXTargetDependency */,
			);
			name = TipperUITests;
			productName = TipperUITests;
			productReference = 2B7877E91C13991000E4E54B /* TipperUITests.xctest */;
			productType = "com.apple.product-type.bundle.ui-testing";
		};
/* End PBXNativeTarget section */

/* Begin PBXProject section */
		2B7877C21C13991000E4E54B /* Project object */ = {
			isa = PBXProject;
			attributes = {
				LastSwiftUpdateCheck = 0710;
				LastUpgradeCheck = 0710;
				ORGANIZATIONNAME = "zach lee";
				TargetAttributes = {
					2B7877C91C13991000E4E54B = {
						CreatedOnToolsVersion = 7.1.1;
						DevelopmentTeam = 69UMG6Y7P4;
					};
					2B7877DD1C13991000E4E54B = {
						CreatedOnToolsVersion = 7.1.1;
						TestTargetID = 2B7877C91C13991000E4E54B;
					};
					2B7877E81C13991000E4E54B = {
						CreatedOnToolsVersion = 7.1.1;
						TestTargetID = 2B7877C91C13991000E4E54B;
					};
				};
			};
			buildConfigurationList = 2B7877C51C13991000E4E54B /* Build configuration list for PBXProject "Tipper" */;
			compatibilityVersion = "Xcode 3.2";
			developmentRegion = English;
			hasScannedForEncodings = 0;
			knownRegions = (
				en,
				Base,
			);
			mainGroup = 2B7877C11C13991000E4E54B;
			productRefGroup = 2B7877CB1C13991000E4E54B /* Products */;
			projectDirPath = "";
			projectRoot = "";
			targets = (
				2B7877C91C13991000E4E54B /* Tipper */,
				2B7877DD1C13991000E4E54B /* TipperTests */,
				2B7877E81C13991000E4E54B /* TipperUITests */,
			);
		};
/* End PBXProject section */

/* Begin PBXResourcesBuildPhase section */
		2B7877C81C13991000E4E54B /* Resources */ = {
			isa = PBXResourcesBuildPhase;
			buildActionMask = 2147483647;
			files = (
				2B7877D81C13991000E4E54B /* LaunchScreen.storyboard in Resources */,
				2B7877D51C13991000E4E54B /* Assets.xcassets in Resources */,
				2B7877D31C13991000E4E54B /* Main.storyboard in Resources */,
			);
			runOnlyForDeploymentPostprocessing = 0;
		};
		2B7877DC1C13991000E4E54B /* Resources */ = {
			isa = PBXResourcesBuildPhase;
			buildActionMask = 2147483647;
			files = (
			);
			runOnlyForDeploymentPostprocessing = 0;
		};
		2B7877E71C13991000E4E54B /* Resources */ = {
			isa = PBXResourcesBuildPhase;
			buildActionMask = 2147483647;
			files = (
			);
			runOnlyForDeploymentPostprocessing = 0;
		};
/* End PBXResourcesBuildPhase section */

/* Begin PBXSourcesBuildPhase section */
		2B7877C61C13991000E4E54B /* Sources */ = {
			isa = PBXSourcesBuildPhase;
			buildActionMask = 2147483647;
			files = (
				2B7877D01C13991000E4E54B /* ViewController.swift in Sources */,
				2B7877CE1C13991000E4E54B /* AppDelegate.swift in Sources */,
				2B3F7FC01C1F3D90008D7B43 /* settingsViewController.swift in Sources */,
			);
			runOnlyForDeploymentPostprocessing = 0;
		};
		2B7877DA1C13991000E4E54B /* Sources */ = {
			isa = PBXSourcesBuildPhase;
			buildActionMask = 2147483647;
			files = (
				2B7877E31C13991000E4E54B /* TipperTests.swift in Sources */,
			);
			runOnlyForDeploymentPostprocessing = 0;
		};
		2B7877E51C13991000E4E54B /* Sources */ = {
			isa = PBXSourcesBuildPhase;
			buildActionMask = 2147483647;
			files = (
				2B7877EE1C13991000E4E54B /* TipperUITests.swift in Sources */,
			);
			runOnlyForDeploymentPostprocessing = 0;
		};
/* End PBXSourcesBuildPhase section */

/* Begin PBXTargetDependency section */
		2B7877E01C13991000E4E54B /* PBXTargetDependency */ = {
			isa = PBXTargetDependency;
			target = 2B7877C91C13991000E4E54B /* Tipper */;
			targetProxy = 2B7877DF1C13991000E4E54B /* PBXContainerItemProxy */;
		};
		2B7877EB1C13991000E4E54B /* PBXTargetDependency */ = {
			isa = PBXTargetDependency;
			target = 2B7877C91C13991000E4E54B /* Tipper */;
			targetProxy = 2B7877EA1C13991000E4E54B /* PBXContainerItemProxy */;
		};
/* End PBXTargetDependency section */

/* Begin PBXVariantGroup section */
		2B7877D11C13991000E4E54B /* Main.storyboard */ = {
			isa = PBXVariantGroup;
			children = (
				2B7877D21C13991000E4E54B /* Base */,
			);
			name = Main.storyboard;
			sourceTree = "<group>";
		};
		2B7877D61C13991000E4E54B /* LaunchScreen.storyboard */ = {
			isa = PBXVariantGroup;
			children = (
				2B7877D71C13991000E4E54B /* Base */,
			);
			name = LaunchScreen.storyboard;
			sourceTree = "<group>";
		};
/* End PBXVariantGroup section */

/* Begin XCBuildConfiguration section */
		2B7877F01C13991000E4E54B /* Debug */ = {
			isa = XCBuildConfiguration;
			buildSettings = {
				ALWAYS_SEARCH_USER_PATHS = NO;
				CLANG_CXX_LANGUAGE_STANDARD = "gnu++0x";
				CLANG_CXX_LIBRARY = "libc++";
				CLANG_ENABLE_MODULES = YES;
				CLANG_ENABLE_OBJC_ARC = YES;
				CLANG_WARN_BOOL_CONVERSION = YES;
				CLANG_WARN_CONSTANT_CONVERSION = YES;
				CLANG_WARN_DIRECT_OBJC_ISA_USAGE = YES_ERROR;
				CLANG_WARN_EMPTY_BODY = YES;
				CLANG_WARN_ENUM_CONVERSION = YES;
				CLANG_WARN_INT_CONVERSION = YES;
				CLANG_WARN_OBJC_ROOT_CLASS = YES_ERROR;
				CLANG_WARN_UNREACHABLE_CODE = YES;
				CLANG_WARN__DUPLICATE_METHOD_MATCH = YES;
				"CODE_SIGN_IDENTITY[sdk=iphoneos*]" = "iPhone Developer";
				COPY_PHASE_STRIP = NO;
				DEBUG_INFORMATION_FORMAT = dwarf;
				ENABLE_STRICT_OBJC_MSGSEND = YES;
				ENABLE_TESTABILITY = YES;
				GCC_C_LANGUAGE_STANDARD = gnu99;
				GCC_DYNAMIC_NO_PIC = NO;
				GCC_NO_COMMON_BLOCKS = YES;
				GCC_OPTIMIZATION_LEVEL = 0;
				GCC_PREPROCESSOR_DEFINITIONS = (
					"DEBUG=1",
					"$(inherited)",
				);
				GCC_WARN_64_TO_32_BIT_CONVERSION = YES;
				GCC_WARN_ABOUT_RETURN_TYPE = YES_ERROR;
				GCC_WARN_UNDECLARED_SELECTOR = YES;
				GCC_WARN_UNINITIALIZED_AUTOS = YES_AGGRESSIVE;
				GCC_WARN_UNUSED_FUNCTION = YES;
				GCC_WARN_UNUSED_VARIABLE = YES;
				IPHONEOS_DEPLOYMENT_TARGET = 9.1;
				MTL_ENABLE_DEBUG_INFO = YES;
				ONLY_ACTIVE_ARCH = YES;
				SDKROOT = iphoneos;
				SWIFT_OPTIMIZATION_LEVEL = "-Onone";
			};
			name = Debug;
		};
		2B7877F11C13991000E4E54B /* Release */ = {
			isa = XCBuildConfiguration;
			buildSettings = {
				ALWAYS_SEARCH_USER_PATHS = NO;
				CLANG_CXX_LANGUAGE_STANDARD = "gnu++0x";
				CLANG_CXX_LIBRARY = "libc++";
				CLANG_ENABLE_MODULES = YES;
				CLANG_ENABLE_OBJC_ARC = YES;
				CLANG_WARN_BOOL_CONVERSION = YES;
				CLANG_WARN_CONSTANT_CONVERSION = YES;
				CLANG_WARN_DIRECT_OBJC_ISA_USAGE = YES_ERROR;
				CLANG_WARN_EMPTY_BODY = YES;
				CLANG_WARN_ENUM_CONVERSION = YES;
				CLANG_WARN_INT_CONVERSION = YES;
				CLANG_WARN_OBJC_ROOT_CLASS = YES_ERROR;
				CLANG_WARN_UNREACHABLE_CODE = YES;
				CLANG_WARN__DUPLICATE_METHOD_MATCH = YES;
				"CODE_SIGN_IDENTITY[sdk=iphoneos*]" = "iPhone Developer";
				COPY_PHASE_STRIP = NO;
				DEBUG_INFORMATION_FORMAT = "dwarf-with-dsym";
				ENABLE_NS_ASSERTIONS = NO;
				ENABLE_STRICT_OBJC_MSGSEND = YES;
				GCC_C_LANGUAGE_STANDARD = gnu99;
				GCC_NO_COMMON_BLOCKS = YES;
				GCC_WARN_64_TO_32_BIT_CONVERSION = YES;
				GCC_WARN_ABOUT_RETURN_TYPE = YES_ERROR;
				GCC_WARN_UNDECLARED_SELECTOR = YES;
				GCC_WARN_UNINITIALIZED_AUTOS = YES_AGGRESSIVE;
				GCC_WARN_UNUSED_FUNCTION = YES;
				GCC_WARN_UNUSED_VARIABLE = YES;
				IPHONEOS_DEPLOYMENT_TARGET = 9.1;
				MTL_ENABLE_DEBUG_INFO = NO;
				SDKROOT = iphoneos;
				VALIDATE_PRODUCT = YES;
			};
			name = Release;
		};
		2B7877F31C13991000E4E54B /* Debug */ = {
			isa = XCBuildConfiguration;
			buildSettings = {
				ASSETCATALOG_COMPILER_APPICON_NAME = AppIcon;
				CLANG_ENABLE_MODULES = YES;
				CODE_SIGN_IDENTITY = "iPhone Developer";
				"CODE_SIGN_IDENTITY[sdk=iphoneos*]" = "iPhone Developer";
				INFOPLIST_FILE = Tipper/Info.plist;
				LD_RUNPATH_SEARCH_PATHS = "$(inherited) @executable_path/Frameworks";
				PRODUCT_BUNDLE_IDENTIFIER = one.Tipper;
				PRODUCT_NAME = "$(TARGET_NAME)";
				PROVISIONING_PROFILE = "";
				SWIFT_OBJC_BRIDGING_HEADER = "Tipper/Tipper-Bridging-Header.h";
				SWIFT_OPTIMIZATION_LEVEL = "-Onone";
				TARGETED_DEVICE_FAMILY = 1;
			};
			name = Debug;
		};
		2B7877F41C13991000E4E54B /* Release */ = {
			isa = XCBuildConfiguration;
			buildSettings = {
				ASSETCATALOG_COMPILER_APPICON_NAME = AppIcon;
				CLANG_ENABLE_MODULES = YES;
				CODE_SIGN_IDENTITY = "iPhone Developer";
				"CODE_SIGN_IDENTITY[sdk=iphoneos*]" = "iPhone Developer";
				INFOPLIST_FILE = Tipper/Info.plist;
				LD_RUNPATH_SEARCH_PATHS = "$(inherited) @executable_path/Frameworks";
				PRODUCT_BUNDLE_IDENTIFIER = one.Tipper;
				PRODUCT_NAME = "$(TARGET_NAME)";
				PROVISIONING_PROFILE = "";
				SWIFT_OBJC_BRIDGING_HEADER = "Tipper/Tipper-Bridging-Header.h";
				TARGETED_DEVICE_FAMILY = 1;
			};
			name = Release;
		};
		2B7877F61C13991000E4E54B /* Debug */ = {
			isa = XCBuildConfiguration;
			buildSettings = {
				BUNDLE_LOADER = "$(TEST_HOST)";
				INFOPLIST_FILE = TipperTests/Info.plist;
				LD_RUNPATH_SEARCH_PATHS = "$(inherited) @executable_path/Frameworks @loader_path/Frameworks";
				PRODUCT_BUNDLE_IDENTIFIER = one.TipperTests;
				PRODUCT_NAME = "$(TARGET_NAME)";
				TEST_HOST = "$(BUILT_PRODUCTS_DIR)/Tipper.app/Tipper";
			};
			name = Debug;
		};
		2B7877F71C13991000E4E54B /* Release */ = {
			isa = XCBuildConfiguration;
			buildSettings = {
				BUNDLE_LOADER = "$(TEST_HOST)";
				INFOPLIST_FILE = TipperTests/Info.plist;
				LD_RUNPATH_SEARCH_PATHS = "$(inherited) @executable_path/Frameworks @loader_path/Frameworks";
				PRODUCT_BUNDLE_IDENTIFIER = one.TipperTests;
				PRODUCT_NAME = "$(TARGET_NAME)";
				TEST_HOST = "$(BUILT_PRODUCTS_DIR)/Tipper.app/Tipper";
			};
			name = Release;
		};
		2B7877F91C13991000E4E54B /* Debug */ = {
			isa = XCBuildConfiguration;
			buildSettings = {
				INFOPLIST_FILE = TipperUITests/Info.plist;
				LD_RUNPATH_SEARCH_PATHS = "$(inherited) @executable_path/Frameworks @loader_path/Frameworks";
				PRODUCT_BUNDLE_IDENTIFIER = one.TipperUITests;
				PRODUCT_NAME = "$(TARGET_NAME)";
				TEST_TARGET_NAME = Tipper;
				USES_XCTRUNNER = YES;
			};
			name = Debug;
		};
		2B7877FA1C13991000E4E54B /* Release */ = {
			isa = XCBuildConfiguration;
			buildSettings = {
				INFOPLIST_FILE = TipperUITests/Info.plist;
				LD_RUNPATH_SEARCH_PATHS = "$(inherited) @executable_path/Frameworks @loader_path/Frameworks";
				PRODUCT_BUNDLE_IDENTIFIER = one.TipperUITests;
				PRODUCT_NAME = "$(TARGET_NAME)";
				TEST_TARGET_NAME = Tipper;
				USES_XCTRUNNER = YES;
			};
			name = Release;
		};
/* End XCBuildConfiguration section */

/* Begin XCConfigurationList section */
		2B7877C51C13991000E4E54B /* Build configuration list for PBXProject "Tipper" */ = {
			isa = XCConfigurationList;
			buildConfigurations = (
				2B7877F01C13991000E4E54B /* Debug */,
				2B7877F11C13991000E4E54B /* Release */,
			);
			defaultConfigurationIsVisible = 0;
			defaultConfigurationName = Release;
		};
		2B7877F21C13991000E4E54B /* Build configuration list for PBXNativeTarget "Tipper" */ = {
			isa = XCConfigurationList;
			buildConfigurations = (
				2B7877F31C13991000E4E54B /* Debug */,
				2B7877F41C13991000E4E54B /* Release */,
			);
			defaultConfigurationIsVisible = 0;
			defaultConfigurationName = Release;
		};
		2B7877F51C13991000E4E54B /* Build configuration list for PBXNativeTarget "TipperTests" */ = {
			isa = XCConfigurationList;
			buildConfigurations = (
				2B7877F61C13991000E4E54B /* Debug */,
				2B7877F71C13991000E4E54B /* Release */,
			);
			defaultConfigurationIsVisible = 0;
			defaultConfigurationName = Release;
		};
		2B7877F81C13991000E4E54B /* Build configuration list for PBXNativeTarget "TipperUITests" */ = {
			isa = XCConfigurationList;
			buildConfigurations = (
				2B7877F91C13991000E4E54B /* Debug */,
				2B7877FA1C13991000E4E54B /* Release */,
			);
			defaultConfigurationIsVisible = 0;
			defaultConfigurationName = Release;
		};
/* End XCConfigurationList section */
	};
	rootObject = 2B7877C21C13991000E4E54B /* Project object */;
}
